// !$*UTF8*$!
{
	archiveVersion = 1;
	classes = {
	};
	objectVersion = 46;
	objects = {

/* Begin PBXBuildFile section */
		835B597F1DC807B900F78AF5 /* PeliculasViewController.swift in Sources */ = {isa = PBXBuildFile; fileRef = 835B597E1DC807B900F78AF5 /* PeliculasViewController.swift */; };
		835B59811DC8088F00F78AF5 /* PeliculaTableViewCell.swift in Sources */ = {isa = PBXBuildFile; fileRef = 835B59801DC8088F00F78AF5 /* PeliculaTableViewCell.swift */; };
		835B59831DC80A4200F78AF5 /* PeliculaBC.swift in Sources */ = {isa = PBXBuildFile; fileRef = 835B59821DC80A4200F78AF5 /* PeliculaBC.swift */; };
		835B59851DC80B2E00F78AF5 /* PeliculaBE.swift in Sources */ = {isa = PBXBuildFile; fileRef = 835B59841DC80B2E00F78AF5 /* PeliculaBE.swift */; };
		835B59871DC80B3D00F78AF5 /* SucursalBE.swift in Sources */ = {isa = PBXBuildFile; fileRef = 835B59861DC80B3D00F78AF5 /* SucursalBE.swift */; };
		835B59891DC80B4E00F78AF5 /* HorarioBE.swift in Sources */ = {isa = PBXBuildFile; fileRef = 835B59881DC80B4E00F78AF5 /* HorarioBE.swift */; };
		835B59A81DC80DAF00F78AF5 /* Sucursal+CoreDataClass.swift in Sources */ = {isa = PBXBuildFile; fileRef = 835B59A21DC80DAF00F78AF5 /* Sucursal+CoreDataClass.swift */; };
		835B59A91DC80DAF00F78AF5 /* Sucursal+CoreDataProperties.swift in Sources */ = {isa = PBXBuildFile; fileRef = 835B59A31DC80DAF00F78AF5 /* Sucursal+CoreDataProperties.swift */; };
		835B59AA1DC80DAF00F78AF5 /* Pelicula+CoreDataClass.swift in Sources */ = {isa = PBXBuildFile; fileRef = 835B59A41DC80DAF00F78AF5 /* Pelicula+CoreDataClass.swift */; };
		835B59AB1DC80DAF00F78AF5 /* Pelicula+CoreDataProperties.swift in Sources */ = {isa = PBXBuildFile; fileRef = 835B59A51DC80DAF00F78AF5 /* Pelicula+CoreDataProperties.swift */; };
		835B59AC1DC80DAF00F78AF5 /* Horario+CoreDataClass.swift in Sources */ = {isa = PBXBuildFile; fileRef = 835B59A61DC80DAF00F78AF5 /* Horario+CoreDataClass.swift */; };
		835B59AD1DC80DAF00F78AF5 /* Horario+CoreDataProperties.swift in Sources */ = {isa = PBXBuildFile; fileRef = 835B59A71DC80DAF00F78AF5 /* Horario+CoreDataProperties.swift */; };
		83A5A1E21DC242CF0070D08C /* AppDelegate.swift in Sources */ = {isa = PBXBuildFile; fileRef = 83A5A1E11DC242CF0070D08C /* AppDelegate.swift */; };
		83A5A1EA1DC242CF0070D08C /* AppCine.xcdatamodeld in Sources */ = {isa = PBXBuildFile; fileRef = 83A5A1E81DC242CF0070D08C /* AppCine.xcdatamodeld */; };
		83A5A1EC1DC242CF0070D08C /* Assets.xcassets in Resources */ = {isa = PBXBuildFile; fileRef = 83A5A1EB1DC242CF0070D08C /* Assets.xcassets */; };
		83A5A1EF1DC242CF0070D08C /* LaunchScreen.storyboard in Resources */ = {isa = PBXBuildFile; fileRef = 83A5A1ED1DC242CF0070D08C /* LaunchScreen.storyboard */; };
		83A5A20B1DC24CF90070D08C /* HorarioDALC.swift in Sources */ = {isa = PBXBuildFile; fileRef = 83A5A20A1DC24CF90070D08C /* HorarioDALC.swift */; };
		83A5A20D1DC24D0C0070D08C /* PeliculaDALC.swift in Sources */ = {isa = PBXBuildFile; fileRef = 83A5A20C1DC24D0C0070D08C /* PeliculaDALC.swift */; };
		83A5A20F1DC24D250070D08C /* SucursalDALC.swift in Sources */ = {isa = PBXBuildFile; fileRef = 83A5A20E1DC24D250070D08C /* SucursalDALC.swift */; };
		83A5A2141DC24D5D0070D08C /* CDMWebModel.swift in Sources */ = {isa = PBXBuildFile; fileRef = 83A5A2101DC24D5D0070D08C /* CDMWebModel.swift */; };
		83A5A2151DC24D5D0070D08C /* CDMWebResponse.swift in Sources */ = {isa = PBXBuildFile; fileRef = 83A5A2111DC24D5D0070D08C /* CDMWebResponse.swift */; };
		83A5A2161DC24D5D0070D08C /* CDMWebSender.swift in Sources */ = {isa = PBXBuildFile; fileRef = 83A5A2121DC24D5D0070D08C /* CDMWebSender.swift */; };
		83A5A2171DC24D5D0070D08C /* CDMWebTranslator.swift in Sources */ = {isa = PBXBuildFile; fileRef = 83A5A2131DC24D5D0070D08C /* CDMWebTranslator.swift */; };
		83A5A2191DC24DBF0070D08C /* Sincronizar.swift in Sources */ = {isa = PBXBuildFile; fileRef = 83A5A2181DC24DBF0070D08C /* Sincronizar.swift */; };
		83A5A21B1DC24DC90070D08C /* CDMImageDownloaded.swift in Sources */ = {isa = PBXBuildFile; fileRef = 83A5A21A1DC24DC90070D08C /* CDMImageDownloaded.swift */; };
		83A5A21D1DC24DDB0070D08C /* ListadoPeliculas.storyboard in Resources */ = {isa = PBXBuildFile; fileRef = 83A5A21C1DC24DDB0070D08C /* ListadoPeliculas.storyboard */; };
		83D1B22D1DD4B73100D8C1F7 /* PeliculaCollectionViewCell.swift in Sources */ = {isa = PBXBuildFile; fileRef = 83D1B22C1DD4B73100D8C1F7 /* PeliculaCollectionViewCell.swift */; };
		83D1B22F1DD4B8D600D8C1F7 /* PeliculasViewController2.swift in Sources */ = {isa = PBXBuildFile; fileRef = 83D1B22E1DD4B8D600D8C1F7 /* PeliculasViewController2.swift */; };
/* End PBXBuildFile section */

/* Begin PBXFileReference section */
		835B597E1DC807B900F78AF5 /* PeliculasViewController.swift */ = {isa = PBXFileReference; fileEncoding = 4; lastKnownFileType = sourcecode.swift; path = PeliculasViewController.swift; sourceTree = "<group>"; };
		835B59801DC8088F00F78AF5 /* PeliculaTableViewCell.swift */ = {isa = PBXFileReference; fileEncoding = 4; lastKnownFileType = sourcecode.swift; path = PeliculaTableViewCell.swift; sourceTree = "<group>"; };
		835B59821DC80A4200F78AF5 /* PeliculaBC.swift */ = {isa = PBXFileReference; fileEncoding = 4; lastKnownFileType = sourcecode.swift; path = PeliculaBC.swift; sourceTree = "<group>"; };
		835B59841DC80B2E00F78AF5 /* PeliculaBE.swift */ = {isa = PBXFileReference; fileEncoding = 4; lastKnownFileType = sourcecode.swift; path = PeliculaBE.swift; sourceTree = "<group>"; };
		835B59861DC80B3D00F78AF5 /* SucursalBE.swift */ = {isa = PBXFileReference; fileEncoding = 4; lastKnownFileType = sourcecode.swift; path = SucursalBE.swift; sourceTree = "<group>"; };
		835B59881DC80B4E00F78AF5 /* HorarioBE.swift */ = {isa = PBXFileReference; fileEncoding = 4; lastKnownFileType = sourcecode.swift; path = HorarioBE.swift; sourceTree = "<group>"; };
		835B59A21DC80DAF00F78AF5 /* Sucursal+CoreDataClass.swift */ = {isa = PBXFileReference; fileEncoding = 4; lastKnownFileType = sourcecode.swift; path = "Sucursal+CoreDataClass.swift"; sourceTree = "<group>"; };
		835B59A31DC80DAF00F78AF5 /* Sucursal+CoreDataProperties.swift */ = {isa = PBXFileReference; fileEncoding = 4; lastKnownFileType = sourcecode.swift; path = "Sucursal+CoreDataProperties.swift"; sourceTree = "<group>"; };
		835B59A41DC80DAF00F78AF5 /* Pelicula+CoreDataClass.swift */ = {isa = PBXFileReference; fileEncoding = 4; lastKnownFileType = sourcecode.swift; path = "Pelicula+CoreDataClass.swift"; sourceTree = "<group>"; };
		835B59A51DC80DAF00F78AF5 /* Pelicula+CoreDataProperties.swift */ = {isa = PBXFileReference; fileEncoding = 4; lastKnownFileType = sourcecode.swift; path = "Pelicula+CoreDataProperties.swift"; sourceTree = "<group>"; };
		835B59A61DC80DAF00F78AF5 /* Horario+CoreDataClass.swift */ = {isa = PBXFileReference; fileEncoding = 4; lastKnownFileType = sourcecode.swift; path = "Horario+CoreDataClass.swift"; sourceTree = "<group>"; };
		835B59A71DC80DAF00F78AF5 /* Horario+CoreDataProperties.swift */ = {isa = PBXFileReference; fileEncoding = 4; lastKnownFileType = sourcecode.swift; path = "Horario+CoreDataProperties.swift"; sourceTree = "<group>"; };
		83A5A1DE1DC242CF0070D08C /* AppCine.app */ = {isa = PBXFileReference; explicitFileType = wrapper.application; includeInIndex = 0; path = AppCine.app; sourceTree = BUILT_PRODUCTS_DIR; };
		83A5A1E11DC242CF0070D08C /* AppDelegate.swift */ = {isa = PBXFileReference; lastKnownFileType = sourcecode.swift; path = AppDelegate.swift; sourceTree = "<group>"; };
		83A5A1E91DC242CF0070D08C /* AppCine.xcdatamodel */ = {isa = PBXFileReference; lastKnownFileType = wrapper.xcdatamodel; path = AppCine.xcdatamodel; sourceTree = "<group>"; };
		83A5A1EB1DC242CF0070D08C /* Assets.xcassets */ = {isa = PBXFileReference; lastKnownFileType = folder.assetcatalog; path = Assets.xcassets; sourceTree = "<group>"; };
		83A5A1EE1DC242CF0070D08C /* Base */ = {isa = PBXFileReference; lastKnownFileType = file.storyboard; name = Base; path = Base.lproj/LaunchScreen.storyboard; sourceTree = "<group>"; };
		83A5A1F01DC242CF0070D08C /* Info.plist */ = {isa = PBXFileReference; lastKnownFileType = text.plist.xml; path = Info.plist; sourceTree = "<group>"; };
		83A5A20A1DC24CF90070D08C /* HorarioDALC.swift */ = {isa = PBXFileReference; fileEncoding = 4; lastKnownFileType = sourcecode.swift; path = HorarioDALC.swift; sourceTree = "<group>"; };
		83A5A20C1DC24D0C0070D08C /* PeliculaDALC.swift */ = {isa = PBXFileReference; fileEncoding = 4; lastKnownFileType = sourcecode.swift; path = PeliculaDALC.swift; sourceTree = "<group>"; };
		83A5A20E1DC24D250070D08C /* SucursalDALC.swift */ = {isa = PBXFileReference; fileEncoding = 4; lastKnownFileType = sourcecode.swift; path = SucursalDALC.swift; sourceTree = "<group>"; };
		83A5A2101DC24D5D0070D08C /* CDMWebModel.swift */ = {isa = PBXFileReference; fileEncoding = 4; lastKnownFileType = sourcecode.swift; path = CDMWebModel.swift; sourceTree = "<group>"; };
		83A5A2111DC24D5D0070D08C /* CDMWebResponse.swift */ = {isa = PBXFileReference; fileEncoding = 4; lastKnownFileType = sourcecode.swift; path = CDMWebResponse.swift; sourceTree = "<group>"; };
		83A5A2121DC24D5D0070D08C /* CDMWebSender.swift */ = {isa = PBXFileReference; fileEncoding = 4; lastKnownFileType = sourcecode.swift; path = CDMWebSender.swift; sourceTree = "<group>"; };
		83A5A2131DC24D5D0070D08C /* CDMWebTranslator.swift */ = {isa = PBXFileReference; fileEncoding = 4; lastKnownFileType = sourcecode.swift; path = CDMWebTranslator.swift; sourceTree = "<group>"; };
		83A5A2181DC24DBF0070D08C /* Sincronizar.swift */ = {isa = PBXFileReference; fileEncoding = 4; lastKnownFileType = sourcecode.swift; path = Sincronizar.swift; sourceTree = "<group>"; };
		83A5A21A1DC24DC90070D08C /* CDMImageDownloaded.swift */ = {isa = PBXFileReference; fileEncoding = 4; lastKnownFileType = sourcecode.swift; path = CDMImageDownloaded.swift; sourceTree = "<group>"; };
		83A5A21C1DC24DDB0070D08C /* ListadoPeliculas.storyboard */ = {isa = PBXFileReference; fileEncoding = 4; lastKnownFileType = file.storyboard; path = ListadoPeliculas.storyboard; sourceTree = "<group>"; };
		83D1B22C1DD4B73100D8C1F7 /* PeliculaCollectionViewCell.swift */ = {isa = PBXFileReference; fileEncoding = 4; lastKnownFileType = sourcecode.swift; path = PeliculaCollectionViewCell.swift; sourceTree = "<group>"; };
		83D1B22E1DD4B8D600D8C1F7 /* PeliculasViewController2.swift */ = {isa = PBXFileReference; fileEncoding = 4; lastKnownFileType = sourcecode.swift; path = PeliculasViewController2.swift; sourceTree = "<group>"; };
/* End PBXFileReference section */

/* Begin PBXFrameworksBuildPhase section */
		83A5A1DB1DC242CF0070D08C /* Frameworks */ = {
			isa = PBXFrameworksBuildPhase;
			buildActionMask = 2147483647;
			files = (
			);
			runOnlyForDeploymentPostprocessing = 0;
		};
/* End PBXFrameworksBuildPhase section */

/* Begin PBXGroup section */
		83A5A1D51DC242CF0070D08C = {
			isa = PBXGroup;
			children = (
				83A5A1E01DC242CF0070D08C /* AppCine */,
				83A5A1DF1DC242CF0070D08C /* Products */,
			);
			sourceTree = "<group>";
		};
		83A5A1DF1DC242CF0070D08C /* Products */ = {
			isa = PBXGroup;
			children = (
				83A5A1DE1DC242CF0070D08C /* AppCine.app */,
			);
			name = Products;
			sourceTree = "<group>";
		};
		83A5A1E01DC242CF0070D08C /* AppCine */ = {
			isa = PBXGroup;
			children = (
				83A5A1FA1DC2460F0070D08C /* WS */,
				83A5A1F91DC246040070D08C /* Clases generales */,
				83A5A1F81DC245F10070D08C /* Iphone */,
				83A5A1F71DC245E40070D08C /* DALC */,
				83A5A1F61DC245D90070D08C /* BE */,
				83A5A1E11DC242CF0070D08C /* AppDelegate.swift */,
				83A5A1EB1DC242CF0070D08C /* Assets.xcassets */,
				83A5A1ED1DC242CF0070D08C /* LaunchScreen.storyboard */,
				83A5A1F01DC242CF0070D08C /* Info.plist */,
				83A5A1E81DC242CF0070D08C /* AppCine.xcdatamodeld */,
			);
			path = AppCine;
			sourceTree = "<group>";
		};
		83A5A1F61DC245D90070D08C /* BE */ = {
			isa = PBXGroup;
			children = (
				83A5A2011DC246BD0070D08C /* DM */,
				835B59841DC80B2E00F78AF5 /* PeliculaBE.swift */,
				835B59861DC80B3D00F78AF5 /* SucursalBE.swift */,
				835B59881DC80B4E00F78AF5 /* HorarioBE.swift */,
			);
			path = BE;
			sourceTree = "<group>";
		};
		83A5A1F71DC245E40070D08C /* DALC */ = {
			isa = PBXGroup;
			children = (
				83A5A20A1DC24CF90070D08C /* HorarioDALC.swift */,
				83A5A20C1DC24D0C0070D08C /* PeliculaDALC.swift */,
				83A5A20E1DC24D250070D08C /* SucursalDALC.swift */,
			);
			path = DALC;
			sourceTree = "<group>";
		};
		83A5A1F81DC245F10070D08C /* Iphone */ = {
			isa = PBXGroup;
			children = (
				83A5A1FE1DC246860070D08C /* Clases */,
				83A5A1FD1DC2467B0070D08C /* Vistas */,
			);
			path = Iphone;
			sourceTree = "<group>";
		};
		83A5A1F91DC246040070D08C /* Clases generales */ = {
			isa = PBXGroup;
			children = (
				83A5A1FC1DC246610070D08C /* CDMImageDownloaded */,
				83A5A1FB1DC2462B0070D08C /* Sincronizar */,
			);
			path = "Clases generales";
			sourceTree = "<group>";
		};
		83A5A1FA1DC2460F0070D08C /* WS */ = {
			isa = PBXGroup;
			children = (
				83A5A2101DC24D5D0070D08C /* CDMWebModel.swift */,
				83A5A2111DC24D5D0070D08C /* CDMWebResponse.swift */,
				83A5A2121DC24D5D0070D08C /* CDMWebSender.swift */,
				83A5A2131DC24D5D0070D08C /* CDMWebTranslator.swift */,
			);
			path = WS;
			sourceTree = "<group>";
		};
		83A5A1FB1DC2462B0070D08C /* Sincronizar */ = {
			isa = PBXGroup;
			children = (
				83A5A2181DC24DBF0070D08C /* Sincronizar.swift */,
			);
			path = Sincronizar;
			sourceTree = "<group>";
		};
		83A5A1FC1DC246610070D08C /* CDMImageDownloaded */ = {
			isa = PBXGroup;
			children = (
				83A5A21A1DC24DC90070D08C /* CDMImageDownloaded.swift */,
			);
			path = CDMImageDownloaded;
			sourceTree = "<group>";
		};
		83A5A1FD1DC2467B0070D08C /* Vistas */ = {
			isa = PBXGroup;
			children = (
				83A5A21C1DC24DDB0070D08C /* ListadoPeliculas.storyboard */,
			);
			path = Vistas;
			sourceTree = "<group>";
		};
		83A5A1FE1DC246860070D08C /* Clases */ = {
			isa = PBXGroup;
			children = (
				83A5A1FF1DC246A20070D08C /* Peliculas */,
			);
			path = Clases;
			sourceTree = "<group>";
		};
		83A5A1FF1DC246A20070D08C /* Peliculas */ = {
			isa = PBXGroup;
			children = (
				83A5A2001DC246AF0070D08C /* BC */,
				835B597E1DC807B900F78AF5 /* PeliculasViewController.swift */,
				835B59801DC8088F00F78AF5 /* PeliculaTableViewCell.swift */,
				83D1B22C1DD4B73100D8C1F7 /* PeliculaCollectionViewCell.swift */,
				83D1B22E1DD4B8D600D8C1F7 /* PeliculasViewController2.swift */,
			);
			path = Peliculas;
			sourceTree = "<group>";
		};
		83A5A2001DC246AF0070D08C /* BC */ = {
			isa = PBXGroup;
			children = (
				835B59821DC80A4200F78AF5 /* PeliculaBC.swift */,
			);
			path = BC;
			sourceTree = "<group>";
		};
		83A5A2011DC246BD0070D08C /* DM */ = {
			isa = PBXGroup;
			children = (
				835B59A21DC80DAF00F78AF5 /* Sucursal+CoreDataClass.swift */,
				835B59A31DC80DAF00F78AF5 /* Sucursal+CoreDataProperties.swift */,
				835B59A41DC80DAF00F78AF5 /* Pelicula+CoreDataClass.swift */,
				835B59A51DC80DAF00F78AF5 /* Pelicula+CoreDataProperties.swift */,
				835B59A61DC80DAF00F78AF5 /* Horario+CoreDataClass.swift */,
				835B59A71DC80DAF00F78AF5 /* Horario+CoreDataProperties.swift */,
			);
			path = DM;
			sourceTree = "<group>";
		};
/* End PBXGroup section */

/* Begin PBXNativeTarget section */
		83A5A1DD1DC242CF0070D08C /* AppCine */ = {
			isa = PBXNativeTarget;
			buildConfigurationList = 83A5A1F31DC242CF0070D08C /* Build configuration list for PBXNativeTarget "AppCine" */;
			buildPhases = (
				83A5A1DA1DC242CF0070D08C /* Sources */,
				83A5A1DB1DC242CF0070D08C /* Frameworks */,
				83A5A1DC1DC242CF0070D08C /* Resources */,
			);
			buildRules = (
			);
			dependencies = (
			);
			name = AppCine;
			productName = AppCine;
			productReference = 83A5A1DE1DC242CF0070D08C /* AppCine.app */;
			productType = "com.apple.product-type.application";
		};
/* End PBXNativeTarget section */

/* Begin PBXProject section */
		83A5A1D61DC242CF0070D08C /* Project object */ = {
			isa = PBXProject;
			attributes = {
				LastSwiftUpdateCheck = 0800;
				LastUpgradeCheck = 0800;
				ORGANIZATIONNAME = "B303-24";
				TargetAttributes = {
					83A5A1DD1DC242CF0070D08C = {
						CreatedOnToolsVersion = 8.0;
						ProvisioningStyle = Automatic;
					};
				};
			};
			buildConfigurationList = 83A5A1D91DC242CF0070D08C /* Build configuration list for PBXProject "AppCine" */;
			compatibilityVersion = "Xcode 3.2";
			developmentRegion = English;
			hasScannedForEncodings = 0;
			knownRegions = (
				en,
				Base,
			);
			mainGroup = 83A5A1D51DC242CF0070D08C;
			productRefGroup = 83A5A1DF1DC242CF0070D08C /* Products */;
			projectDirPath = "";
			projectRoot = "";
			targets = (
				83A5A1DD1DC242CF0070D08C /* AppCine */,
			);
		};
/* End PBXProject section */

/* Begin PBXResourcesBuildPhase section */
		83A5A1DC1DC242CF0070D08C /* Resources */ = {
			isa = PBXResourcesBuildPhase;
			buildActionMask = 2147483647;
			files = (
				83A5A21D1DC24DDB0070D08C /* ListadoPeliculas.storyboard in Resources */,
				83A5A1EF1DC242CF0070D08C /* LaunchScreen.storyboard in Resources */,
				83A5A1EC1DC242CF0070D08C /* Assets.xcassets in Resources */,
			);
			runOnlyForDeploymentPostprocessing = 0;
		};
/* End PBXResourcesBuildPhase section */

/* Begin PBXSourcesBuildPhase section */
		83A5A1DA1DC242CF0070D08C /* Sources */ = {
			isa = PBXSourcesBuildPhase;
			buildActionMask = 2147483647;
			files = (
				83A5A2151DC24D5D0070D08C /* CDMWebResponse.swift in Sources */,
				83D1B22F1DD4B8D600D8C1F7 /* PeliculasViewController2.swift in Sources */,
				835B59891DC80B4E00F78AF5 /* HorarioBE.swift in Sources */,
				83A5A2161DC24D5D0070D08C /* CDMWebSender.swift in Sources */,
				835B59AD1DC80DAF00F78AF5 /* Horario+CoreDataProperties.swift in Sources */,
				83A5A2171DC24D5D0070D08C /* CDMWebTranslator.swift in Sources */,
				835B59811DC8088F00F78AF5 /* PeliculaTableViewCell.swift in Sources */,
				83A5A1E21DC242CF0070D08C /* AppDelegate.swift in Sources */,
				835B59AA1DC80DAF00F78AF5 /* Pelicula+CoreDataClass.swift in Sources */,
				83A5A20B1DC24CF90070D08C /* HorarioDALC.swift in Sources */,
				835B59A81DC80DAF00F78AF5 /* Sucursal+CoreDataClass.swift in Sources */,
				83A5A2191DC24DBF0070D08C /* Sincronizar.swift in Sources */,
				83A5A20F1DC24D250070D08C /* SucursalDALC.swift in Sources */,
				83A5A1EA1DC242CF0070D08C /* AppCine.xcdatamodeld in Sources */,
				83A5A21B1DC24DC90070D08C /* CDMImageDownloaded.swift in Sources */,
				835B59A91DC80DAF00F78AF5 /* Sucursal+CoreDataProperties.swift in Sources */,
				835B59AC1DC80DAF00F78AF5 /* Horario+CoreDataClass.swift in Sources */,
				835B59871DC80B3D00F78AF5 /* SucursalBE.swift in Sources */,
				835B59851DC80B2E00F78AF5 /* PeliculaBE.swift in Sources */,
				83D1B22D1DD4B73100D8C1F7 /* PeliculaCollectionViewCell.swift in Sources */,
				83A5A20D1DC24D0C0070D08C /* PeliculaDALC.swift in Sources */,
				83A5A2141DC24D5D0070D08C /* CDMWebModel.swift in Sources */,
				835B59AB1DC80DAF00F78AF5 /* Pelicula+CoreDataProperties.swift in Sources */,
				835B59831DC80A4200F78AF5 /* PeliculaBC.swift in Sources */,
				835B597F1DC807B900F78AF5 /* PeliculasViewController.swift in Sources */,
			);
			runOnlyForDeploymentPostprocessing = 0;
		};
/* End PBXSourcesBuildPhase section */

/* Begin PBXVariantGroup section */
		83A5A1ED1DC242CF0070D08C /* LaunchScreen.storyboard */ = {
			isa = PBXVariantGroup;
			children = (
				83A5A1EE1DC242CF0070D08C /* Base */,
			);
			name = LaunchScreen.storyboard;
			sourceTree = "<group>";
		};
/* End PBXVariantGroup section */

/* Begin XCBuildConfiguration section */
		83A5A1F11DC242CF0070D08C /* Debug */ = {
			isa = XCBuildConfiguration;
			buildSettings = {
				ALWAYS_SEARCH_USER_PATHS = NO;
				CLANG_ANALYZER_NONNULL = YES;
				CLANG_CXX_LANGUAGE_STANDARD = "gnu++0x";
				CLANG_CXX_LIBRARY = "libc++";
				CLANG_ENABLE_MODULES = YES;
				CLANG_ENABLE_OBJC_ARC = YES;
				CLANG_WARN_BOOL_CONVERSION = YES;
				CLANG_WARN_CONSTANT_CONVERSION = YES;
				CLANG_WARN_DIRECT_OBJC_ISA_USAGE = YES_ERROR;
				CLANG_WARN_DOCUMENTATION_COMMENTS = YES;
				CLANG_WARN_EMPTY_BODY = YES;
				CLANG_WARN_ENUM_CONVERSION = YES;
				CLANG_WARN_INFINITE_RECURSION = YES;
				CLANG_WARN_INT_CONVERSION = YES;
				CLANG_WARN_OBJC_ROOT_CLASS = YES_ERROR;
				CLANG_WARN_SUSPICIOUS_MOVES = YES;
				CLANG_WARN_UNREACHABLE_CODE = YES;
				CLANG_WARN__DUPLICATE_METHOD_MATCH = YES;
				"CODE_SIGN_IDENTITY[sdk=iphoneos*]" = "iPhone Developer";
				COPY_PHASE_STRIP = NO;
				DEBUG_INFORMATION_FORMAT = dwarf;
				ENABLE_STRICT_OBJC_MSGSEND = YES;
				ENABLE_TESTABILITY = YES;
				GCC_C_LANGUAGE_STANDARD = gnu99;
				GCC_DYNAMIC_NO_PIC = NO;
				GCC_NO_COMMON_BLOCKS = YES;
				GCC_OPTIMIZATION_LEVEL = 0;
				GCC_PREPROCESSOR_DEFINITIONS = (
					"DEBUG=1",
					"$(inherited)",
				);
				GCC_WARN_64_TO_32_BIT_CONVERSION = YES;
				GCC_WARN_ABOUT_RETURN_TYPE = YES_ERROR;
				GCC_WARN_UNDECLARED_SELECTOR = YES;
				GCC_WARN_UNINITIALIZED_AUTOS = YES_AGGRESSIVE;
				GCC_WARN_UNUSED_FUNCTION = YES;
				GCC_WARN_UNUSED_VARIABLE = YES;
				IPHONEOS_DEPLOYMENT_TARGET = 10.0;
				MTL_ENABLE_DEBUG_INFO = YES;
				ONLY_ACTIVE_ARCH = YES;
				SDKROOT = iphoneos;
				SWIFT_ACTIVE_COMPILATION_CONDITIONS = DEBUG;
				SWIFT_OPTIMIZATION_LEVEL = "-Onone";
			};
			name = Debug;
		};
		83A5A1F21DC242CF0070D08C /* Release */ = {
			isa = XCBuildConfiguration;
			buildSettings = {
				ALWAYS_SEARCH_USER_PATHS = NO;
				CLANG_ANALYZER_NONNULL = YES;
				CLANG_CXX_LANGUAGE_STANDARD = "gnu++0x";
				CLANG_CXX_LIBRARY = "libc++";
				CLANG_ENABLE_MODULES = YES;
				CLANG_ENABLE_OBJC_ARC = YES;
				CLANG_WARN_BOOL_CONVERSION = YES;
				CLANG_WARN_CONSTANT_CONVERSION = YES;
				CLANG_WARN_DIRECT_OBJC_ISA_USAGE = YES_ERROR;
				CLANG_WARN_DOCUMENTATION_COMMENTS = YES;
				CLANG_WARN_EMPTY_BODY = YES;
				CLANG_WARN_ENUM_CONVERSION = YES;
				CLANG_WARN_INFINITE_RECURSION = YES;
				CLANG_WARN_INT_CONVERSION = YES;
				CLANG_WARN_OBJC_ROOT_CLASS = YES_ERROR;
				CLANG_WARN_SUSPICIOUS_MOVES = YES;
				CLANG_WARN_UNREACHABLE_CODE = YES;
				CLANG_WARN__DUPLICATE_METHOD_MATCH = YES;
				"CODE_SIGN_IDENTITY[sdk=iphoneos*]" = "iPhone Developer";
				COPY_PHASE_STRIP = NO;
				DEBUG_INFORMATION_FORMAT = "dwarf-with-dsym";
				ENABLE_NS_ASSERTIONS = NO;
				ENABLE_STRICT_OBJC_MSGSEND = YES;
				GCC_C_LANGUAGE_STANDARD = gnu99;
				GCC_NO_COMMON_BLOCKS = YES;
				GCC_WARN_64_TO_32_BIT_CONVERSION = YES;
				GCC_WARN_ABOUT_RETURN_TYPE = YES_ERROR;
				GCC_WARN_UNDECLARED_SELECTOR = YES;
				GCC_WARN_UNINITIALIZED_AUTOS = YES_AGGRESSIVE;
				GCC_WARN_UNUSED_FUNCTION = YES;
				GCC_WARN_UNUSED_VARIABLE = YES;
				IPHONEOS_DEPLOYMENT_TARGET = 10.0;
				MTL_ENABLE_DEBUG_INFO = NO;
				SDKROOT = iphoneos;
				SWIFT_OPTIMIZATION_LEVEL = "-Owholemodule";
				VALIDATE_PRODUCT = YES;
			};
			name = Release;
		};
		83A5A1F41DC242CF0070D08C /* Debug */ = {
			isa = XCBuildConfiguration;
			buildSettings = {
				ASSETCATALOG_COMPILER_APPICON_NAME = AppIcon;
				INFOPLIST_FILE = AppCine/Info.plist;
				LD_RUNPATH_SEARCH_PATHS = "$(inherited) @executable_path/Frameworks";
				PRODUCT_BUNDLE_IDENTIFIER = com.isil.AppCine;
				PRODUCT_NAME = "$(TARGET_NAME)";
				SWIFT_VERSION = 3.0;
			};
			name = Debug;
		};
		83A5A1F51DC242CF0070D08C /* Release */ = {
			isa = XCBuildConfiguration;
			buildSettings = {
				ASSETCATALOG_COMPILER_APPICON_NAME = AppIcon;
				INFOPLIST_FILE = AppCine/Info.plist;
				LD_RUNPATH_SEARCH_PATHS = "$(inherited) @executable_path/Frameworks";
				PRODUCT_BUNDLE_IDENTIFIER = com.isil.AppCine;
				PRODUCT_NAME = "$(TARGET_NAME)";
				SWIFT_VERSION = 3.0;
			};
			name = Release;
		};
/* End XCBuildConfiguration section */

/* Begin XCConfigurationList section */
		83A5A1D91DC242CF0070D08C /* Build configuration list for PBXProject "AppCine" */ = {
			isa = XCConfigurationList;
			buildConfigurations = (
				83A5A1F11DC242CF0070D08C /* Debug */,
				83A5A1F21DC242CF0070D08C /* Release */,
			);
			defaultConfigurationIsVisible = 0;
			defaultConfigurationName = Release;
		};
		83A5A1F31DC242CF0070D08C /* Build configuration list for PBXNativeTarget "AppCine" */ = {
			isa = XCConfigurationList;
			buildConfigurations = (
				83A5A1F41DC242CF0070D08C /* Debug */,
				83A5A1F51DC242CF0070D08C /* Release */,
			);
			defaultConfigurationIsVisible = 0;
			defaultConfigurationName = Release;
		};
/* End XCConfigurationList section */

/* Begin XCVersionGroup section */
		83A5A1E81DC242CF0070D08C /* AppCine.xcdatamodeld */ = {
			isa = XCVersionGroup;
			children = (
				83A5A1E91DC242CF0070D08C /* AppCine.xcdatamodel */,
			);
			currentVersion = 83A5A1E91DC242CF0070D08C /* AppCine.xcdatamodel */;
			path = AppCine.xcdatamodeld;
			sourceTree = "<group>";
			versionGroupType = wrapper.xcdatamodel;
		};
/* End XCVersionGroup section */
	};
	rootObject = 83A5A1D61DC242CF0070D08C /* Project object */;
}
